// !$*UTF8*$!
{
	archiveVersion = 1;
	classes = {
	};
	objectVersion = 50;
	objects = {

/* Begin PBXBuildFile section */
		7106386D215939A80072C164 /* AppDelegate.swift in Sources */ = {isa = PBXBuildFile; fileRef = 7106386C215939A80072C164 /* AppDelegate.swift */; };
		7106386F215939A80072C164 /* ViewController.swift in Sources */ = {isa = PBXBuildFile; fileRef = 7106386E215939A80072C164 /* ViewController.swift */; };
		71063871215939A80072C164 /* Assets.xcassets in Resources */ = {isa = PBXBuildFile; fileRef = 71063870215939A80072C164 /* Assets.xcassets */; };
		71063874215939A80072C164 /* Main.storyboard in Resources */ = {isa = PBXBuildFile; fileRef = 71063872215939A80072C164 /* Main.storyboard */; };
		7106387E21593EB00072C164 /* ADragDropView.swift in Sources */ = {isa = PBXBuildFile; fileRef = 7106387D21593EB00072C164 /* ADragDropView.swift */; };
		7106388021593F5B0072C164 /* NSDraggingInfo+FilePathURL.swift in Sources */ = {isa = PBXBuildFile; fileRef = 7106387F21593F5B0072C164 /* NSDraggingInfo+FilePathURL.swift */; };
		71F98981215E22CD00557E59 /* ADragDropViewTests.swift in Sources */ = {isa = PBXBuildFile; fileRef = 71F98980215E22CD00557E59 /* ADragDropViewTests.swift */; };
		71F9898A215E246C00557E59 /* ADragDropView.swift in Sources */ = {isa = PBXBuildFile; fileRef = 7106387D21593EB00072C164 /* ADragDropView.swift */; };
		71F9898B215E246F00557E59 /* NSDraggingInfo+FilePathURL.swift in Sources */ = {isa = PBXBuildFile; fileRef = 7106387F21593F5B0072C164 /* NSDraggingInfo+FilePathURL.swift */; };
/* End PBXBuildFile section */

/* Begin PBXContainerItemProxy section */
		71F98983215E22CD00557E59 /* PBXContainerItemProxy */ = {
			isa = PBXContainerItemProxy;
			containerPortal = 71063861215939A80072C164 /* Project object */;
			proxyType = 1;
			remoteGlobalIDString = 71063868215939A80072C164;
			remoteInfo = ADragDropViewExample;
		};
/* End PBXContainerItemProxy section */

/* Begin PBXFileReference section */
		71063869215939A80072C164 /* ADragDropViewExample.app */ = {isa = PBXFileReference; explicitFileType = wrapper.application; includeInIndex = 0; path = ADragDropViewExample.app; sourceTree = BUILT_PRODUCTS_DIR; };
		7106386C215939A80072C164 /* AppDelegate.swift */ = {isa = PBXFileReference; lastKnownFileType = sourcecode.swift; path = AppDelegate.swift; sourceTree = "<group>"; };
		7106386E215939A80072C164 /* ViewController.swift */ = {isa = PBXFileReference; lastKnownFileType = sourcecode.swift; path = ViewController.swift; sourceTree = "<group>"; };
		71063870215939A80072C164 /* Assets.xcassets */ = {isa = PBXFileReference; lastKnownFileType = folder.assetcatalog; path = Assets.xcassets; sourceTree = "<group>"; };
		71063873215939A80072C164 /* Base */ = {isa = PBXFileReference; lastKnownFileType = file.storyboard; name = Base; path = Base.lproj/Main.storyboard; sourceTree = "<group>"; };
		71063875215939A80072C164 /* Info.plist */ = {isa = PBXFileReference; lastKnownFileType = text.plist.xml; path = Info.plist; sourceTree = "<group>"; };
		71063876215939A80072C164 /* ADragDropViewExample.entitlements */ = {isa = PBXFileReference; lastKnownFileType = text.plist.entitlements; path = ADragDropViewExample.entitlements; sourceTree = "<group>"; };
		7106387D21593EB00072C164 /* ADragDropView.swift */ = {isa = PBXFileReference; lastKnownFileType = sourcecode.swift; path = ADragDropView.swift; sourceTree = "<group>"; };
		7106387F21593F5B0072C164 /* NSDraggingInfo+FilePathURL.swift */ = {isa = PBXFileReference; lastKnownFileType = sourcecode.swift; path = "NSDraggingInfo+FilePathURL.swift"; sourceTree = "<group>"; };
		71F9897E215E22CD00557E59 /* ADragDropViewTests.xctest */ = {isa = PBXFileReference; explicitFileType = wrapper.cfbundle; includeInIndex = 0; path = ADragDropViewTests.xctest; sourceTree = BUILT_PRODUCTS_DIR; };
		71F98980215E22CD00557E59 /* ADragDropViewTests.swift */ = {isa = PBXFileReference; lastKnownFileType = sourcecode.swift; path = ADragDropViewTests.swift; sourceTree = "<group>"; };
		71F98982215E22CD00557E59 /* Info.plist */ = {isa = PBXFileReference; lastKnownFileType = text.plist.xml; path = Info.plist; sourceTree = "<group>"; };
/* End PBXFileReference section */

/* Begin PBXFrameworksBuildPhase section */
		71063866215939A80072C164 /* Frameworks */ = {
			isa = PBXFrameworksBuildPhase;
			buildActionMask = 2147483647;
			files = (
			);
			runOnlyForDeploymentPostprocessing = 0;
		};
		71F9897B215E22CD00557E59 /* Frameworks */ = {
			isa = PBXFrameworksBuildPhase;
			buildActionMask = 2147483647;
			files = (
			);
			runOnlyForDeploymentPostprocessing = 0;
		};
/* End PBXFrameworksBuildPhase section */

/* Begin PBXGroup section */
		71063860215939A80072C164 = {
			isa = PBXGroup;
			children = (
				7106387C215939AD0072C164 /* ADragDropView */,
				7106386B215939A80072C164 /* ADragDropViewExample */,
				71F9897F215E22CD00557E59 /* ADragDropViewTests */,
				7106386A215939A80072C164 /* Products */,
			);
			sourceTree = "<group>";
		};
		7106386A215939A80072C164 /* Products */ = {
			isa = PBXGroup;
			children = (
				71063869215939A80072C164 /* ADragDropViewExample.app */,
				71F9897E215E22CD00557E59 /* ADragDropViewTests.xctest */,
			);
			name = Products;
			sourceTree = "<group>";
		};
		7106386B215939A80072C164 /* ADragDropViewExample */ = {
			isa = PBXGroup;
			children = (
				7106386C215939A80072C164 /* AppDelegate.swift */,
				7106386E215939A80072C164 /* ViewController.swift */,
				71063870215939A80072C164 /* Assets.xcassets */,
				71063872215939A80072C164 /* Main.storyboard */,
				71063875215939A80072C164 /* Info.plist */,
				71063876215939A80072C164 /* ADragDropViewExample.entitlements */,
			);
			path = ADragDropViewExample;
			sourceTree = "<group>";
		};
		7106387C215939AD0072C164 /* ADragDropView */ = {
			isa = PBXGroup;
			children = (
				7106387D21593EB00072C164 /* ADragDropView.swift */,
				7106387F21593F5B0072C164 /* NSDraggingInfo+FilePathURL.swift */,
			);
			path = ADragDropView;
			sourceTree = "<group>";
		};
		71F9897F215E22CD00557E59 /* ADragDropViewTests */ = {
			isa = PBXGroup;
			children = (
				71F98980215E22CD00557E59 /* ADragDropViewTests.swift */,
				71F98982215E22CD00557E59 /* Info.plist */,
			);
			path = ADragDropViewTests;
			sourceTree = "<group>";
		};
/* End PBXGroup section */

/* Begin PBXNativeTarget section */
		71063868215939A80072C164 /* ADragDropViewExample */ = {
			isa = PBXNativeTarget;
			buildConfigurationList = 71063879215939A80072C164 /* Build configuration list for PBXNativeTarget "ADragDropViewExample" */;
			buildPhases = (
				71063865215939A80072C164 /* Sources */,
				71063866215939A80072C164 /* Frameworks */,
				71063867215939A80072C164 /* Resources */,
			);
			buildRules = (
			);
			dependencies = (
			);
			name = ADragDropViewExample;
			productName = ADragDropViewExample;
			productReference = 71063869215939A80072C164 /* ADragDropViewExample.app */;
			productType = "com.apple.product-type.application";
		};
		71F9897D215E22CD00557E59 /* ADragDropViewTests */ = {
			isa = PBXNativeTarget;
			buildConfigurationList = 71F98987215E22CD00557E59 /* Build configuration list for PBXNativeTarget "ADragDropViewTests" */;
			buildPhases = (
				71F9897A215E22CD00557E59 /* Sources */,
				71F9897B215E22CD00557E59 /* Frameworks */,
				71F9897C215E22CD00557E59 /* Resources */,
			);
			buildRules = (
			);
			dependencies = (
				71F98984215E22CD00557E59 /* PBXTargetDependency */,
			);
			name = ADragDropViewTests;
			productName = ADragDropViewTests;
			productReference = 71F9897E215E22CD00557E59 /* ADragDropViewTests.xctest */;
			productType = "com.apple.product-type.bundle.unit-test";
		};
/* End PBXNativeTarget section */

/* Begin PBXProject section */
		71063861215939A80072C164 /* Project object */ = {
			isa = PBXProject;
			attributes = {
				LastSwiftUpdateCheck = 0940;
				LastUpgradeCheck = 0940;
				ORGANIZATIONNAME = fluffy;
				TargetAttributes = {
					71063868215939A80072C164 = {
						CreatedOnToolsVersion = 9.4.1;
					};
					71F9897D215E22CD00557E59 = {
						CreatedOnToolsVersion = 9.4.1;
					};
				};
			};
			buildConfigurationList = 71063864215939A80072C164 /* Build configuration list for PBXProject "ADragDropViewExample" */;
			compatibilityVersion = "Xcode 9.3";
			developmentRegion = en;
			hasScannedForEncodings = 0;
			knownRegions = (
				en,
				Base,
			);
			mainGroup = 71063860215939A80072C164;
			productRefGroup = 7106386A215939A80072C164 /* Products */;
			projectDirPath = "";
			projectRoot = "";
			targets = (
				71063868215939A80072C164 /* ADragDropViewExample */,
				71F9897D215E22CD00557E59 /* ADragDropViewTests */,
			);
		};
/* End PBXProject section */

/* Begin PBXResourcesBuildPhase section */
		71063867215939A80072C164 /* Resources */ = {
			isa = PBXResourcesBuildPhase;
			buildActionMask = 2147483647;
			files = (
				71063871215939A80072C164 /* Assets.xcassets in Resources */,
				71063874215939A80072C164 /* Main.storyboard in Resources */,
			);
			runOnlyForDeploymentPostprocessing = 0;
		};
		71F9897C215E22CD00557E59 /* Resources */ = {
			isa = PBXResourcesBuildPhase;
			buildActionMask = 2147483647;
			files = (
			);
			runOnlyForDeploymentPostprocessing = 0;
		};
/* End PBXResourcesBuildPhase section */

/* Begin PBXSourcesBuildPhase section */
		71063865215939A80072C164 /* Sources */ = {
			isa = PBXSourcesBuildPhase;
			buildActionMask = 2147483647;
			files = (
				7106388021593F5B0072C164 /* NSDraggingInfo+FilePathURL.swift in Sources */,
				7106386F215939A80072C164 /* ViewController.swift in Sources */,
				7106387E21593EB00072C164 /* ADragDropView.swift in Sources */,
				7106386D215939A80072C164 /* AppDelegate.swift in Sources */,
			);
			runOnlyForDeploymentPostprocessing = 0;
		};
		71F9897A215E22CD00557E59 /* Sources */ = {
			isa = PBXSourcesBuildPhase;
			buildActionMask = 2147483647;
			files = (
				71F98981215E22CD00557E59 /* ADragDropViewTests.swift in Sources */,
				71F9898A215E246C00557E59 /* ADragDropView.swift in Sources */,
				71F9898B215E246F00557E59 /* NSDraggingInfo+FilePathURL.swift in Sources */,
			);
			runOnlyForDeploymentPostprocessing = 0;
		};
/* End PBXSourcesBuildPhase section */

/* Begin PBXTargetDependency section */
		71F98984215E22CD00557E59 /* PBXTargetDependency */ = {
			isa = PBXTargetDependency;
			target = 71063868215939A80072C164 /* ADragDropViewExample */;
			targetProxy = 71F98983215E22CD00557E59 /* PBXContainerItemProxy */;
		};
/* End PBXTargetDependency section */

/* Begin PBXVariantGroup section */
		71063872215939A80072C164 /* Main.storyboard */ = {
			isa = PBXVariantGroup;
			children = (
				71063873215939A80072C164 /* Base */,
			);
			name = Main.storyboard;
			sourceTree = "<group>";
		};
/* End PBXVariantGroup section */

/* Begin XCBuildConfiguration section */
		71063877215939A80072C164 /* Debug */ = {
			isa = XCBuildConfiguration;
			buildSettings = {
				ALWAYS_SEARCH_USER_PATHS = NO;
				CLANG_ANALYZER_NONNULL = YES;
				CLANG_ANALYZER_NUMBER_OBJECT_CONVERSION = YES_AGGRESSIVE;
				CLANG_CXX_LANGUAGE_STANDARD = "gnu++14";
				CLANG_CXX_LIBRARY = "libc++";
				CLANG_ENABLE_MODULES = YES;
				CLANG_ENABLE_OBJC_ARC = YES;
				CLANG_ENABLE_OBJC_WEAK = YES;
				CLANG_WARN_BLOCK_CAPTURE_AUTORELEASING = YES;
				CLANG_WARN_BOOL_CONVERSION = YES;
				CLANG_WARN_COMMA = YES;
				CLANG_WARN_CONSTANT_CONVERSION = YES;
				CLANG_WARN_DEPRECATED_OBJC_IMPLEMENTATIONS = YES;
				CLANG_WARN_DIRECT_OBJC_ISA_USAGE = YES_ERROR;
				CLANG_WARN_DOCUMENTATION_COMMENTS = YES;
				CLANG_WARN_EMPTY_BODY = YES;
				CLANG_WARN_ENUM_CONVERSION = YES;
				CLANG_WARN_INFINITE_RECURSION = YES;
				CLANG_WARN_INT_CONVERSION = YES;
				CLANG_WARN_NON_LITERAL_NULL_CONVERSION = YES;
				CLANG_WARN_OBJC_IMPLICIT_RETAIN_SELF = YES;
				CLANG_WARN_OBJC_LITERAL_CONVERSION = YES;
				CLANG_WARN_OBJC_ROOT_CLASS = YES_ERROR;
				CLANG_WARN_RANGE_LOOP_ANALYSIS = YES;
				CLANG_WARN_STRICT_PROTOTYPES = YES;
				CLANG_WARN_SUSPICIOUS_MOVE = YES;
				CLANG_WARN_UNGUARDED_AVAILABILITY = YES_AGGRESSIVE;
				CLANG_WARN_UNREACHABLE_CODE = YES;
				CLANG_WARN__DUPLICATE_METHOD_MATCH = YES;
				CODE_SIGN_IDENTITY = "-";
				COPY_PHASE_STRIP = NO;
				DEBUG_INFORMATION_FORMAT = dwarf;
				ENABLE_STRICT_OBJC_MSGSEND = YES;
				ENABLE_TESTABILITY = YES;
				GCC_C_LANGUAGE_STANDARD = gnu11;
				GCC_DYNAMIC_NO_PIC = NO;
				GCC_NO_COMMON_BLOCKS = YES;
				GCC_OPTIMIZATION_LEVEL = 0;
				GCC_PREPROCESSOR_DEFINITIONS = (
					"DEBUG=1",
					"$(inherited)",
				);
				GCC_WARN_64_TO_32_BIT_CONVERSION = YES;
				GCC_WARN_ABOUT_RETURN_TYPE = YES_ERROR;
				GCC_WARN_UNDECLARED_SELECTOR = YES;
				GCC_WARN_UNINITIALIZED_AUTOS = YES_AGGRESSIVE;
				GCC_WARN_UNUSED_FUNCTION = YES;
				GCC_WARN_UNUSED_VARIABLE = YES;
				MACOSX_DEPLOYMENT_TARGET = 10.13;
				MTL_ENABLE_DEBUG_INFO = YES;
				ONLY_ACTIVE_ARCH = YES;
				SDKROOT = macosx;
				SWIFT_ACTIVE_COMPILATION_CONDITIONS = DEBUG;
				SWIFT_OPTIMIZATION_LEVEL = "-Onone";
			};
			name = Debug;
		};
		71063878215939A80072C164 /* Release */ = {
			isa = XCBuildConfiguration;
			buildSettings = {
				ALWAYS_SEARCH_USER_PATHS = NO;
				CLANG_ANALYZER_NONNULL = YES;
				CLANG_ANALYZER_NUMBER_OBJECT_CONVERSION = YES_AGGRESSIVE;
				CLANG_CXX_LANGUAGE_STANDARD = "gnu++14";
				CLANG_CXX_LIBRARY = "libc++";
				CLANG_ENABLE_MODULES = YES;
				CLANG_ENABLE_OBJC_ARC = YES;
				CLANG_ENABLE_OBJC_WEAK = YES;
				CLANG_WARN_BLOCK_CAPTURE_AUTORELEASING = YES;
				CLANG_WARN_BOOL_CONVERSION = YES;
				CLANG_WARN_COMMA = YES;
				CLANG_WARN_CONSTANT_CONVERSION = YES;
				CLANG_WARN_DEPRECATED_OBJC_IMPLEMENTATIONS = YES;
				CLANG_WARN_DIRECT_OBJC_ISA_USAGE = YES_ERROR;
				CLANG_WARN_DOCUMENTATION_COMMENTS = YES;
				CLANG_WARN_EMPTY_BODY = YES;
				CLANG_WARN_ENUM_CONVERSION = YES;
				CLANG_WARN_INFINITE_RECURSION = YES;
				CLANG_WARN_INT_CONVERSION = YES;
				CLANG_WARN_NON_LITERAL_NULL_CONVERSION = YES;
				CLANG_WARN_OBJC_IMPLICIT_RETAIN_SELF = YES;
				CLANG_WARN_OBJC_LITERAL_CONVERSION = YES;
				CLANG_WARN_OBJC_ROOT_CLASS = YES_ERROR;
				CLANG_WARN_RANGE_LOOP_ANALYSIS = YES;
				CLANG_WARN_STRICT_PROTOTYPES = YES;
				CLANG_WARN_SUSPICIOUS_MOVE = YES;
				CLANG_WARN_UNGUARDED_AVAILABILITY = YES_AGGRESSIVE;
				CLANG_WARN_UNREACHABLE_CODE = YES;
				CLANG_WARN__DUPLICATE_METHOD_MATCH = YES;
				CODE_SIGN_IDENTITY = "-";
				COPY_PHASE_STRIP = NO;
				DEBUG_INFORMATION_FORMAT = "dwarf-with-dsym";
				ENABLE_NS_ASSERTIONS = NO;
				ENABLE_STRICT_OBJC_MSGSEND = YES;
				GCC_C_LANGUAGE_STANDARD = gnu11;
				GCC_NO_COMMON_BLOCKS = YES;
				GCC_WARN_64_TO_32_BIT_CONVERSION = YES;
				GCC_WARN_ABOUT_RETURN_TYPE = YES_ERROR;
				GCC_WARN_UNDECLARED_SELECTOR = YES;
				GCC_WARN_UNINITIALIZED_AUTOS = YES_AGGRESSIVE;
				GCC_WARN_UNUSED_FUNCTION = YES;
				GCC_WARN_UNUSED_VARIABLE = YES;
				MACOSX_DEPLOYMENT_TARGET = 10.13;
				MTL_ENABLE_DEBUG_INFO = NO;
				SDKROOT = macosx;
				SWIFT_COMPILATION_MODE = wholemodule;
				SWIFT_OPTIMIZATION_LEVEL = "-O";
			};
			name = Release;
		};
		7106387A215939A80072C164 /* Debug */ = {
			isa = XCBuildConfiguration;
			buildSettings = {
				ASSETCATALOG_COMPILER_APPICON_NAME = AppIcon;
				CODE_SIGN_ENTITLEMENTS = ADragDropViewExample/ADragDropViewExample.entitlements;
				CODE_SIGN_STYLE = Automatic;
				COMBINE_HIDPI_IMAGES = YES;
				INFOPLIST_FILE = ADragDropViewExample/Info.plist;
				LD_RUNPATH_SEARCH_PATHS = (
					"$(inherited)",
					"@executable_path/../Frameworks",
				);
				MACOSX_DEPLOYMENT_TARGET = 10.12;
				PRODUCT_BUNDLE_IDENTIFIER = es.fluffy.ADragDropViewExample;
				PRODUCT_NAME = "$(TARGET_NAME)";
				SWIFT_VERSION = 4.0;
			};
			name = Debug;
		};
		7106387B215939A80072C164 /* Release */ = {
			isa = XCBuildConfiguration;
			buildSettings = {
				ASSETCATALOG_COMPILER_APPICON_NAME = AppIcon;
				CODE_SIGN_ENTITLEMENTS = ADragDropViewExample/ADragDropViewExample.entitlements;
				CODE_SIGN_STYLE = Automatic;
				COMBINE_HIDPI_IMAGES = YES;
				INFOPLIST_FILE = ADragDropViewExample/Info.plist;
				LD_RUNPATH_SEARCH_PATHS = (
					"$(inherited)",
					"@executable_path/../Frameworks",
				);
				MACOSX_DEPLOYMENT_TARGET = 10.12;
				PRODUCT_BUNDLE_IDENTIFIER = es.fluffy.ADragDropViewExample;
				PRODUCT_NAME = "$(TARGET_NAME)";
				SWIFT_VERSION = 4.0;
			};
			name = Release;
		};
		71F98985215E22CD00557E59 /* Debug */ = {
			isa = XCBuildConfiguration;
			buildSettings = {
				CODE_SIGN_STYLE = Automatic;
				COMBINE_HIDPI_IMAGES = YES;
				INFOPLIST_FILE = ADragDropViewTests/Info.plist;
				LD_RUNPATH_SEARCH_PATHS = (
					"$(inherited)",
					"@executable_path/../Frameworks",
					"@loader_path/../Frameworks",
				);
				PRODUCT_BUNDLE_IDENTIFIER = es.fluffy.ADragDropViewTests;
				PRODUCT_NAME = "$(TARGET_NAME)";
				SWIFT_VERSION = 4.0;
			};
			name = Debug;
		};
		71F98986215E22CD00557E59 /* Release */ = {
			isa = XCBuildConfiguration;
			buildSettings = {
				CODE_SIGN_STYLE = Automatic;
				COMBINE_HIDPI_IMAGES = YES;
				INFOPLIST_FILE = ADragDropViewTests/Info.plist;
				LD_RUNPATH_SEARCH_PATHS = (
					"$(inherited)",
					"@executable_path/../Frameworks",
					"@loader_path/../Frameworks",
				);
				PRODUCT_BUNDLE_IDENTIFIER = es.fluffy.ADragDropViewTests;
				PRODUCT_NAME = "$(TARGET_NAME)";
				SWIFT_VERSION = 4.0;
			};
			name = Release;
		};
/* End XCBuildConfiguration section */

/* Begin XCConfigurationList section */
		71063864215939A80072C164 /* Build configuration list for PBXProject "ADragDropViewExample" */ = {
			isa = XCConfigurationList;
			buildConfigurations = (
				71063877215939A80072C164 /* Debug */,
				71063878215939A80072C164 /* Release */,
			);
			defaultConfigurationIsVisible = 0;
			defaultConfigurationName = Release;
		};
		71063879215939A80072C164 /* Build configuration list for PBXNativeTarget "ADragDropViewExample" */ = {
			isa = XCConfigurationList;
			buildConfigurations = (
				7106387A215939A80072C164 /* Debug */,
				7106387B215939A80072C164 /* Release */,
			);
			defaultConfigurationIsVisible = 0;
			defaultConfigurationName = Release;
		};
		71F98987215E22CD00557E59 /* Build configuration list for PBXNativeTarget "ADragDropViewTests" */ = {
			isa = XCConfigurationList;
			buildConfigurations = (
				71F98985215E22CD00557E59 /* Debug */,
				71F98986215E22CD00557E59 /* Release */,
			);
			defaultConfigurationIsVisible = 0;
			defaultConfigurationName = Release;
		};
/* End XCConfigurationList section */
	};
	rootObject = 71063861215939A80072C164 /* Project object */;
}
